// !$*UTF8*$!
{
	archiveVersion = 1;
	classes = {
	};
	objectVersion = 46;
	objects = {

/* Begin PBXBuildFile section */
		2735E85313EEC0A80032B259 /* Cocoa.framework in Frameworks */ = {isa = PBXBuildFile; fileRef = 2735E85213EEC0A80032B259 /* Cocoa.framework */; };
		2735E85D13EEC0A80032B259 /* InfoPlist.strings in Resources */ = {isa = PBXBuildFile; fileRef = 2735E85B13EEC0A80032B259 /* InfoPlist.strings */; };
		2735E86013EEC0A80032B259 /* main.m in Sources */ = {isa = PBXBuildFile; fileRef = 2735E85F13EEC0A80032B259 /* main.m */; };
		2735E86313EEC0A80032B259 /* Credits.rtf in Resources */ = {isa = PBXBuildFile; fileRef = 2735E86113EEC0A80032B259 /* Credits.rtf */; };
		2735E86613EEC0A80032B259 /* Input_Event_DumperAppDelegate.m in Sources */ = {isa = PBXBuildFile; fileRef = 2735E86513EEC0A80032B259 /* Input_Event_DumperAppDelegate.m */; };
		2735E86913EEC0A80032B259 /* MainMenu.xib in Resources */ = {isa = PBXBuildFile; fileRef = 2735E86713EEC0A80032B259 /* MainMenu.xib */; };
		275BCB7013EEC39E008A375F /* HID_usage_strings.plist in Resources */ = {isa = PBXBuildFile; fileRef = 275BCB6F13EEC39E008A375F /* HID_usage_strings.plist */; };
		27DEE33113EEC2560001A3F4 /* IOKit.framework in Frameworks */ = {isa = PBXBuildFile; fileRef = 27DEE33013EEC2560001A3F4 /* IOKit.framework */; };
		27DEE33313EEC28C0001A3F4 /* MSNaturalKeyboardHIDDriver.m in Sources */ = {isa = PBXBuildFile; fileRef = 27DEE33213EEC28C0001A3F4 /* MSNaturalKeyboardHIDDriver.m */; };
/* End PBXBuildFile section */

/* Begin PBXFileReference section */
		2735E84E13EEC0A80032B259 /* Input Event Dumper.app */ = {isa = PBXFileReference; explicitFileType = wrapper.application; includeInIndex = 0; path = "Input Event Dumper.app"; sourceTree = BUILT_PRODUCTS_DIR; };
		2735E85213EEC0A80032B259 /* Cocoa.framework */ = {isa = PBXFileReference; lastKnownFileType = wrapper.framework; name = Cocoa.framework; path = System/Library/Frameworks/Cocoa.framework; sourceTree = SDKROOT; };
		2735E85513EEC0A80032B259 /* AppKit.framework */ = {isa = PBXFileReference; lastKnownFileType = wrapper.framework; name = AppKit.framework; path = System/Library/Frameworks/AppKit.framework; sourceTree = SDKROOT; };
		2735E85613EEC0A80032B259 /* CoreData.framework */ = {isa = PBXFileReference; lastKnownFileType = wrapper.framework; name = CoreData.framework; path = System/Library/Frameworks/CoreData.framework; sourceTree = SDKROOT; };
		2735E85713EEC0A80032B259 /* Foundation.framework */ = {isa = PBXFileReference; lastKnownFileType = wrapper.framework; name = Foundation.framework; path = System/Library/Frameworks/Foundation.framework; sourceTree = SDKROOT; };
		2735E85A13EEC0A80032B259 /* Input Event Dumper-Info.plist */ = {isa = PBXFileReference; lastKnownFileType = text.plist.xml; path = "Input Event Dumper-Info.plist"; sourceTree = "<group>"; };
		2735E85C13EEC0A80032B259 /* en */ = {isa = PBXFileReference; lastKnownFileType = text.plist.strings; name = en; path = en.lproj/InfoPlist.strings; sourceTree = "<group>"; };
		2735E85E13EEC0A80032B259 /* Input Event Dumper-Prefix.pch */ = {isa = PBXFileReference; lastKnownFileType = sourcecode.c.h; path = "Input Event Dumper-Prefix.pch"; sourceTree = "<group>"; };
		2735E85F13EEC0A80032B259 /* main.m */ = {isa = PBXFileReference; lastKnownFileType = sourcecode.c.objc; lineEnding = 0; path = main.m; sourceTree = "<group>"; xcLanguageSpecificationIdentifier = xcode.lang.objc; };
		2735E86213EEC0A80032B259 /* en */ = {isa = PBXFileReference; lastKnownFileType = text.rtf; name = en; path = en.lproj/Credits.rtf; sourceTree = "<group>"; };
		2735E86413EEC0A80032B259 /* Input_Event_DumperAppDelegate.h */ = {isa = PBXFileReference; lastKnownFileType = sourcecode.c.h; lineEnding = 0; path = Input_Event_DumperAppDelegate.h; sourceTree = "<group>"; xcLanguageSpecificationIdentifier = xcode.lang.objcpp; };
		2735E86513EEC0A80032B259 /* Input_Event_DumperAppDelegate.m */ = {isa = PBXFileReference; lastKnownFileType = sourcecode.c.objc; lineEnding = 0; name = Input_Event_DumperAppDelegate.m; path = "Input Event Dumper/Input_Event_DumperAppDelegate.m"; sourceTree = "<group>"; xcLanguageSpecificationIdentifier = xcode.lang.objc; };
		2735E86813EEC0A80032B259 /* en */ = {isa = PBXFileReference; lastKnownFileType = file.xib; name = en; path = en.lproj/MainMenu.xib; sourceTree = "<group>"; };
		275BCB6F13EEC39E008A375F /* HID_usage_strings.plist */ = {isa = PBXFileReference; fileEncoding = 4; lastKnownFileType = text.plist.xml; path = HID_usage_strings.plist; sourceTree = "<group>"; };
		27DEE33013EEC2560001A3F4 /* IOKit.framework */ = {isa = PBXFileReference; lastKnownFileType = wrapper.framework; name = IOKit.framework; path = System/Library/Frameworks/IOKit.framework; sourceTree = SDKROOT; };
		27DEE33213EEC28C0001A3F4 /* MSNaturalKeyboardHIDDriver.m */ = {isa = PBXFileReference; lastKnownFileType = sourcecode.c.objc; name = MSNaturalKeyboardHIDDriver.m; path = ../MSNaturalKeyboardHIDDriver.m; sourceTree = "<group>"; };
		27DEE33713EEC2AF0001A3F4 /* MSNaturalKeyboardHIDDriver.h */ = {isa = PBXFileReference; fileEncoding = 4; lastKnownFileType = sourcecode.c.h; name = MSNaturalKeyboardHIDDriver.h; path = ../MSNaturalKeyboardHIDDriver.h; sourceTree = "<group>"; };
/* End PBXFileReference section */

/* Begin PBXFrameworksBuildPhase section */
		2735E84B13EEC0A80032B259 /* Frameworks */ = {
			isa = PBXFrameworksBuildPhase;
			buildActionMask = 2147483647;
			files = (
				27DEE33113EEC2560001A3F4 /* IOKit.framework in Frameworks */,
				2735E85313EEC0A80032B259 /* Cocoa.framework in Frameworks */,
			);
			runOnlyForDeploymentPostprocessing = 0;
		};
/* End PBXFrameworksBuildPhase section */

/* Begin PBXGroup section */
		2735E84313EEC0A80032B259 = {
			isa = PBXGroup;
			children = (
				2735E86513EEC0A80032B259 /* Input_Event_DumperAppDelegate.m */,
				2735E85813EEC0A80032B259 /* Input Event Dumper */,
				2735E85113EEC0A80032B259 /* Frameworks */,
				2735E84F13EEC0A80032B259 /* Products */,
			);
			sourceTree = "<group>";
		};
		2735E84F13EEC0A80032B259 /* Products */ = {
			isa = PBXGroup;
			children = (
				2735E84E13EEC0A80032B259 /* Input Event Dumper.app */,
			);
			name = Products;
			sourceTree = "<group>";
		};
		2735E85113EEC0A80032B259 /* Frameworks */ = {
			isa = PBXGroup;
			children = (
				2735E85213EEC0A80032B259 /* Cocoa.framework */,
				2735E85413EEC0A80032B259 /* Other Frameworks */,
			);
			name = Frameworks;
			sourceTree = "<group>";
		};
		2735E85413EEC0A80032B259 /* Other Frameworks */ = {
			isa = PBXGroup;
			children = (
				27DEE33013EEC2560001A3F4 /* IOKit.framework */,
				2735E85513EEC0A80032B259 /* AppKit.framework */,
				2735E85613EEC0A80032B259 /* CoreData.framework */,
				2735E85713EEC0A80032B259 /* Foundation.framework */,
			);
			name = "Other Frameworks";
			sourceTree = "<group>";
		};
		2735E85813EEC0A80032B259 /* Input Event Dumper */ = {
			isa = PBXGroup;
			children = (
				2735E86413EEC0A80032B259 /* Input_Event_DumperAppDelegate.h */,
				27DEE33713EEC2AF0001A3F4 /* MSNaturalKeyboardHIDDriver.h */,
				27DEE33213EEC28C0001A3F4 /* MSNaturalKeyboardHIDDriver.m */,
				2735E86713EEC0A80032B259 /* MainMenu.xib */,
				2735E85913EEC0A80032B259 /* Supporting Files */,
			);
			path = "Input Event Dumper";
			sourceTree = "<group>";
		};
		2735E85913EEC0A80032B259 /* Supporting Files */ = {
			isa = PBXGroup;
			children = (
				275BCB6F13EEC39E008A375F /* HID_usage_strings.plist */,
				2735E85A13EEC0A80032B259 /* Input Event Dumper-Info.plist */,
				2735E85B13EEC0A80032B259 /* InfoPlist.strings */,
				2735E85E13EEC0A80032B259 /* Input Event Dumper-Prefix.pch */,
				2735E85F13EEC0A80032B259 /* main.m */,
				2735E86113EEC0A80032B259 /* Credits.rtf */,
			);
			name = "Supporting Files";
			sourceTree = "<group>";
		};
/* End PBXGroup section */

/* Begin PBXNativeTarget section */
		2735E84D13EEC0A80032B259 /* Input Event Dumper */ = {
			isa = PBXNativeTarget;
			buildConfigurationList = 2735E86C13EEC0A80032B259 /* Build configuration list for PBXNativeTarget "Input Event Dumper" */;
			buildPhases = (
				2735E84A13EEC0A80032B259 /* Sources */,
				2735E84B13EEC0A80032B259 /* Frameworks */,
				2735E84C13EEC0A80032B259 /* Resources */,
			);
			buildRules = (
			);
			dependencies = (
			);
			name = "Input Event Dumper";
			productName = "Input Event Dumper";
			productReference = 2735E84E13EEC0A80032B259 /* Input Event Dumper.app */;
			productType = "com.apple.product-type.application";
		};
/* End PBXNativeTarget section */

/* Begin PBXProject section */
		2735E84513EEC0A80032B259 /* Project object */ = {
			isa = PBXProject;
			buildConfigurationList = 2735E84813EEC0A80032B259 /* Build configuration list for PBXProject "Input Event Dumper" */;
			compatibilityVersion = "Xcode 3.2";
			developmentRegion = English;
			hasScannedForEncodings = 0;
			knownRegions = (
				en,
			);
			mainGroup = 2735E84313EEC0A80032B259;
			productRefGroup = 2735E84F13EEC0A80032B259 /* Products */;
			projectDirPath = "";
			projectRoot = "";
			targets = (
				2735E84D13EEC0A80032B259 /* Input Event Dumper */,
			);
		};
/* End PBXProject section */

/* Begin PBXResourcesBuildPhase section */
		2735E84C13EEC0A80032B259 /* Resources */ = {
			isa = PBXResourcesBuildPhase;
			buildActionMask = 2147483647;
			files = (
				2735E85D13EEC0A80032B259 /* InfoPlist.strings in Resources */,
				2735E86313EEC0A80032B259 /* Credits.rtf in Resources */,
				2735E86913EEC0A80032B259 /* MainMenu.xib in Resources */,
				275BCB7013EEC39E008A375F /* HID_usage_strings.plist in Resources */,
			);
			runOnlyForDeploymentPostprocessing = 0;
		};
/* End PBXResourcesBuildPhase section */

/* Begin PBXSourcesBuildPhase section */
		2735E84A13EEC0A80032B259 /* Sources */ = {
			isa = PBXSourcesBuildPhase;
			buildActionMask = 2147483647;
			files = (
				2735E86013EEC0A80032B259 /* main.m in Sources */,
				2735E86613EEC0A80032B259 /* Input_Event_DumperAppDelegate.m in Sources */,
				27DEE33313EEC28C0001A3F4 /* MSNaturalKeyboardHIDDriver.m in Sources */,
			);
			runOnlyForDeploymentPostprocessing = 0;
		};
/* End PBXSourcesBuildPhase section */

/* Begin PBXVariantGroup section */
		2735E85B13EEC0A80032B259 /* InfoPlist.strings */ = {
			isa = PBXVariantGroup;
			children = (
				2735E85C13EEC0A80032B259 /* en */,
			);
			name = InfoPlist.strings;
			sourceTree = "<group>";
		};
		2735E86113EEC0A80032B259 /* Credits.rtf */ = {
			isa = PBXVariantGroup;
			children = (
				2735E86213EEC0A80032B259 /* en */,
			);
			name = Credits.rtf;
			sourceTree = "<group>";
		};
		2735E86713EEC0A80032B259 /* MainMenu.xib */ = {
			isa = PBXVariantGroup;
			children = (
				2735E86813EEC0A80032B259 /* en */,
			);
			name = MainMenu.xib;
			sourceTree = "<group>";
		};
/* End PBXVariantGroup section */

/* Begin XCBuildConfiguration section */
		2735E86A13EEC0A80032B259 /* Debug */ = {
			isa = XCBuildConfiguration;
			buildSettings = {
				ARCHS = "$(ARCHS_STANDARD_32_64_BIT)";
				GCC_C_LANGUAGE_STANDARD = gnu99;
				GCC_OPTIMIZATION_LEVEL = 0;
				GCC_PREPROCESSOR_DEFINITIONS = DEBUG;
				GCC_SYMBOLS_PRIVATE_EXTERN = NO;
				GCC_VERSION = com.apple.compilers.llvm.clang.1_0;
				GCC_WARN_64_TO_32_BIT_CONVERSION = YES;
				GCC_WARN_ABOUT_RETURN_TYPE = YES;
				GCC_WARN_UNUSED_VARIABLE = YES;
				MACOSX_DEPLOYMENT_TARGET = 10.6;
				ONLY_ACTIVE_ARCH = YES;
				SDKROOT = macosx;
			};
			name = Debug;
		};
		2735E86B13EEC0A80032B259 /* Release */ = {
			isa = XCBuildConfiguration;
			buildSettings = {
				ARCHS = "$(ARCHS_STANDARD_32_64_BIT)";
				GCC_C_LANGUAGE_STANDARD = gnu99;
				GCC_VERSION = com.apple.compilers.llvm.clang.1_0;
				GCC_WARN_64_TO_32_BIT_CONVERSION = YES;
				GCC_WARN_ABOUT_RETURN_TYPE = YES;
				GCC_WARN_UNUSED_VARIABLE = YES;
				MACOSX_DEPLOYMENT_TARGET = 10.6;
				SDKROOT = macosx;
			};
			name = Release;
		};
		2735E86D13EEC0A80032B259 /* Debug */ = {
			isa = XCBuildConfiguration;
			buildSettings = {
				ALWAYS_SEARCH_USER_PATHS = NO;
				ARCHS = "$(ARCHS_STANDARD_64_BIT)";
				COPY_PHASE_STRIP = NO;
				GCC_DYNAMIC_NO_PIC = NO;
				GCC_ENABLE_OBJC_EXCEPTIONS = YES;
				GCC_PRECOMPILE_PREFIX_HEADER = YES;
				GCC_PREFIX_HEADER = "Input Event Dumper/Input Event Dumper-Prefix.pch";
				INFOPLIST_FILE = "Input Event Dumper/Input Event Dumper-Info.plist";
				PRODUCT_NAME = "$(TARGET_NAME)";
				WRAPPER_EXTENSION = app;
			};
			name = Debug;
		};
		2735E86E13EEC0A80032B259 /* Release */ = {
			isa = XCBuildConfiguration;
			buildSettings = {
				ALWAYS_SEARCH_USER_PATHS = NO;
				ARCHS = "$(ARCHS_STANDARD_64_BIT)";
				COPY_PHASE_STRIP = YES;
				DEBUG_INFORMATION_FORMAT = "dwarf-with-dsym";
				GCC_ENABLE_OBJC_EXCEPTIONS = YES;
				GCC_PRECOMPILE_PREFIX_HEADER = YES;
				GCC_PREFIX_HEADER = "Input Event Dumper/Input Event Dumper-Prefix.pch";
				INFOPLIST_FILE = "Input Event Dumper/Input Event Dumper-Info.plist";
				PRODUCT_NAME = "$(TARGET_NAME)";
				WRAPPER_EXTENSION = app;
			};
			name = Release;
		};
/* End XCBuildConfiguration section */

/* Begin XCConfigurationList section */
		2735E84813EEC0A80032B259 /* Build configuration list for PBXProject "Input Event Dumper" */ = {
			isa = XCConfigurationList;
			buildConfigurations = (
				2735E86A13EEC0A80032B259 /* Debug */,
				2735E86B13EEC0A80032B259 /* Release */,
			);
			defaultConfigurationIsVisible = 0;
			defaultConfigurationName = Release;
		};
		2735E86C13EEC0A80032B259 /* Build configuration list for PBXNativeTarget "Input Event Dumper" */ = {
			isa = XCConfigurationList;
			buildConfigurations = (
				2735E86D13EEC0A80032B259 /* Debug */,
				2735E86E13EEC0A80032B259 /* Release */,
			);
			defaultConfigurationIsVisible = 0;
			defaultConfigurationName = Release;
		};
/* End XCConfigurationList section */
	};
	rootObject = 2735E84513EEC0A80032B259 /* Project object */;
}
